{
  "name": "duplex-scan-sort",
  "version": "1.0.0",
  "lockfileVersion": 2,
  "requires": true,
  "packages": {
    "": {
      "name": "duplex-scan-sort",
      "version": "1.0.0",
      "license": "ISC",
      "dependencies": {
        "arg": "^5.0.1",
        "pdf-merger-js": "^3.4.0",
        "pdfreader": "^2.0.0"
      }
    },
    "node_modules/@rkusa/linebreak": {
      "version": "1.0.0",
      "resolved": "https://registry.npmjs.org/@rkusa/linebreak/-/linebreak-1.0.0.tgz",
      "integrity": "sha512-yCSm87XA1aYMgfcABSxcIkk3JtCw3AihNceHY+DnZGLvVP/g2z3UWZbi0xIoYpZWAJEVPr5Zt3QE37Q80wF1pA==",
      "dependencies": {
        "unicode-trie": "^0.3.0"
      }
    },
    "node_modules/arg": {
      "version": "5.0.1",
      "resolved": "https://registry.npmjs.org/arg/-/arg-5.0.1.tgz",
      "integrity": "sha512-e0hDa9H2Z9AwFkk2qDlwhoMYE4eToKarchkQHovNdLTCYMHZHeRjI71crOh+dio4K6u1IcwubQqo79Ga4CyAQA=="
    },
    "node_modules/inherits": {
      "version": "2.0.4",
      "resolved": "https://registry.npmjs.org/inherits/-/inherits-2.0.4.tgz",
      "integrity": "sha512-k/vGaX4/Yla3WzyMCvTQOXYeIHvqOKtnqBduzTHpzpQZzAskKMhZ2K+EnBiSM9zGSoIFeMpXKxa4dYeZIQqewQ=="
    },
    "node_modules/opentype.js": {
      "version": "1.3.4",
      "resolved": "https://registry.npmjs.org/opentype.js/-/opentype.js-1.3.4.tgz",
      "integrity": "sha512-d2JE9RP/6uagpQAVtJoF0pJJA/fgai89Cc50Yp0EJHk+eLp6QQ7gBoblsnubRULNY132I0J1QKMJ+JTbMqz4sw==",
      "dependencies": {
        "string.prototype.codepointat": "^0.2.1",
        "tiny-inflate": "^1.0.3"
      },
      "bin": {
        "ot": "bin/ot"
      },
      "engines": {
        "node": ">= 8.0.0"
      }
    },
    "node_modules/pako": {
      "version": "2.0.4",
      "resolved": "https://registry.npmjs.org/pako/-/pako-2.0.4.tgz",
      "integrity": "sha512-v8tweI900AUkZN6heMU/4Uy4cXRc2AYNRggVmTR+dEncawDJgCdLMximOVA2p4qO57WMynangsfGRb5WD6L1Bg=="
    },
    "node_modules/pdf-merger-js": {
      "version": "3.4.0",
      "resolved": "https://registry.npmjs.org/pdf-merger-js/-/pdf-merger-js-3.4.0.tgz",
      "integrity": "sha512-2LkaPYf49cp/QAhjE+n9LEZXVVOzCjZPGlB6fE3a0neW+fers6vz+0A9drQCYNesMbzZ6JttCUF8jJvgwNPHAA==",
      "dependencies": {
        "pdfjs": "^2.4.7"
      }
    },
    "node_modules/pdf2json": {
      "version": "2.0.1",
      "resolved": "https://registry.npmjs.org/pdf2json/-/pdf2json-2.0.1.tgz",
      "integrity": "sha512-gj1kZOV2cA+bHyyZiwNU8AVduT4L+7dQODtJZRev7/23TZ0Mz5ILVLsaCLX2p7A8cdBYyDq6zXEBUBvtXgpIZg==",
      "bundleDependencies": [
        "@xmldom/xmldom"
      ],
      "dependencies": {
        "@xmldom/xmldom": "^0.7.5"
      },
      "bin": {
        "pdf2json": "bin/pdf2json"
      },
      "engines": {
        "node": ">=14.18.0",
        "npm": ">=6.14.15"
      }
    },
    "node_modules/pdf2json/node_modules/@xmldom/xmldom": {
      "version": "0.7.5",
      "inBundle": true,
      "license": "MIT",
      "engines": {
        "node": ">=10.0.0"
      }
    },
    "node_modules/pdfjs": {
      "version": "2.4.7",
      "resolved": "https://registry.npmjs.org/pdfjs/-/pdfjs-2.4.7.tgz",
      "integrity": "sha512-qGGZiQ7cz7nDgRgNSMm0qsZ4QPlAvZr+kWwB78hZzClojtfqGbGUT/gwzf8S2nniwvLMB56boBTTIppQohTJUA==",
      "dependencies": {
        "@rkusa/linebreak": "^1.0.0",
        "opentype.js": "^1.3.3",
        "pako": "^2.0.3",
        "readable-stream": "^3.6.0",
        "unorm": "^1.6.0",
        "uuid": "^8.3.1"
      },
      "engines": {
        "node": ">=7"
      }
    },
    "node_modules/pdfreader": {
      "version": "2.0.0",
      "resolved": "https://registry.npmjs.org/pdfreader/-/pdfreader-2.0.0.tgz",
      "integrity": "sha512-ieCZ89yl1cb8olOhzMsSJgRJ+mR6tTwG/AGy9nWXzFPhzGgQA76Qh7CCWk6QTE3V30z2Hre1EVagzIjhNERYGw==",
      "dependencies": {
        "pdf2json": "2.0.1"
      },
      "engines": {
        "node": ">=14"
      }
    },
    "node_modules/readable-stream": {
      "version": "3.6.0",
      "resolved": "https://registry.npmjs.org/readable-stream/-/readable-stream-3.6.0.tgz",
      "integrity": "sha512-BViHy7LKeTz4oNnkcLJ+lVSL6vpiFeX6/d3oSH8zCW7UxP2onchk+vTGB143xuFjHS3deTgkKoXXymXqymiIdA==",
      "dependencies": {
        "inherits": "^2.0.3",
        "string_decoder": "^1.1.1",
        "util-deprecate": "^1.0.1"
      },
      "engines": {
        "node": ">= 6"
      }
    },
    "node_modules/safe-buffer": {
      "version": "5.2.1",
      "resolved": "https://registry.npmjs.org/safe-buffer/-/safe-buffer-5.2.1.tgz",
      "integrity": "sha512-rp3So07KcdmmKbGvgaNxQSJr7bGVSVk5S9Eq1F+ppbRo70+YeaDxkw5Dd8NPN+GD6bjnYm2VuPuCXmpuYvmCXQ==",
      "funding": [
        {
          "type": "github",
          "url": "https://github.com/sponsors/feross"
        },
        {
          "type": "patreon",
          "url": "https://www.patreon.com/feross"
        },
        {
          "type": "consulting",
          "url": "https://feross.org/support"
        }
      ]
    },
    "node_modules/string_decoder": {
      "version": "1.3.0",
      "resolved": "https://registry.npmjs.org/string_decoder/-/string_decoder-1.3.0.tgz",
      "integrity": "sha512-hkRX8U1WjJFd8LsDJ2yQ/wWWxaopEsABU1XfkM8A+j0+85JAGppt16cr1Whg6KIbb4okU6Mql6BOj+uup/wKeA==",
      "dependencies": {
        "safe-buffer": "~5.2.0"
      }
    },
    "node_modules/string.prototype.codepointat": {
      "version": "0.2.1",
      "resolved": "https://registry.npmjs.org/string.prototype.codepointat/-/string.prototype.codepointat-0.2.1.tgz",
      "integrity": "sha512-2cBVCj6I4IOvEnjgO/hWqXjqBGsY+zwPmHl12Srk9IXSZ56Jwwmy+66XO5Iut/oQVR7t5ihYdLB0GMa4alEUcg=="
    },
    "node_modules/tiny-inflate": {
      "version": "1.0.3",
      "resolved": "https://registry.npmjs.org/tiny-inflate/-/tiny-inflate-1.0.3.tgz",
      "integrity": "sha512-pkY1fj1cKHb2seWDy0B16HeWyczlJA9/WW3u3c4z/NiWDsO3DOU5D7nhTLE9CF0yXv/QZFY7sEJmj24dK+Rrqw=="
    },
    "node_modules/unicode-trie": {
      "version": "0.3.1",
      "resolved": "https://registry.npmjs.org/unicode-trie/-/unicode-trie-0.3.1.tgz",
      "integrity": "sha1-1nHd3YkQGgi6w3tqUWEBBgIFIIU=",
      "dependencies": {
        "pako": "^0.2.5",
        "tiny-inflate": "^1.0.0"
      }
    },
    "node_modules/unicode-trie/node_modules/pako": {
      "version": "0.2.9",
      "resolved": "https://registry.npmjs.org/pako/-/pako-0.2.9.tgz",
      "integrity": "sha1-8/dSL073gjSNqBYbrZ7P1Rv4OnU="
    },
    "node_modules/unorm": {
      "version": "1.6.0",
      "resolved": "https://registry.npmjs.org/unorm/-/unorm-1.6.0.tgz",
      "integrity": "sha512-b2/KCUlYZUeA7JFUuRJZPUtr4gZvBh7tavtv4fvk4+KV9pfGiR6CQAQAWl49ZpR3ts2dk4FYkP7EIgDJoiOLDA==",
      "engines": {
        "node": ">= 0.4.0"
      }
    },
    "node_modules/util-deprecate": {
      "version": "1.0.2",
      "resolved": "https://registry.npmjs.org/util-deprecate/-/util-deprecate-1.0.2.tgz",
      "integrity": "sha1-RQ1Nyfpw3nMnYvvS1KKJgUGaDM8="
    },
    "node_modules/uuid": {
      "version": "8.3.2",
      "resolved": "https://registry.npmjs.org/uuid/-/uuid-8.3.2.tgz",
      "integrity": "sha512-+NYs2QeMWy+GWFOEm9xnn6HCDp0l7QBD7ml8zLUmJ+93Q5NF0NocErnwkTkXVFNiX3/fpC6afS8Dhb/gz7R7eg==",
      "bin": {
        "uuid": "dist/bin/uuid"
      }
    }
  },
  "dependencies": {
    "@rkusa/linebreak": {
      "version": "1.0.0",
      "resolved": "https://registry.npmjs.org/@rkusa/linebreak/-/linebreak-1.0.0.tgz",
      "integrity": "sha512-yCSm87XA1aYMgfcABSxcIkk3JtCw3AihNceHY+DnZGLvVP/g2z3UWZbi0xIoYpZWAJEVPr5Zt3QE37Q80wF1pA==",
      "requires": {
        "unicode-trie": "^0.3.0"
      }
    },
    "arg": {
      "version": "5.0.1",
      "resolved": "https://registry.npmjs.org/arg/-/arg-5.0.1.tgz",
      "integrity": "sha512-e0hDa9H2Z9AwFkk2qDlwhoMYE4eToKarchkQHovNdLTCYMHZHeRjI71crOh+dio4K6u1IcwubQqo79Ga4CyAQA=="
    },
    "inherits": {
      "version": "2.0.4",
      "resolved": "https://registry.npmjs.org/inherits/-/inherits-2.0.4.tgz",
      "integrity": "sha512-k/vGaX4/Yla3WzyMCvTQOXYeIHvqOKtnqBduzTHpzpQZzAskKMhZ2K+EnBiSM9zGSoIFeMpXKxa4dYeZIQqewQ=="
    },
    "opentype.js": {
      "version": "1.3.4",
      "resolved": "https://registry.npmjs.org/opentype.js/-/opentype.js-1.3.4.tgz",
      "integrity": "sha512-d2JE9RP/6uagpQAVtJoF0pJJA/fgai89Cc50Yp0EJHk+eLp6QQ7gBoblsnubRULNY132I0J1QKMJ+JTbMqz4sw==",
      "requires": {
        "string.prototype.codepointat": "^0.2.1",
        "tiny-inflate": "^1.0.3"
      }
    },
    "pako": {
      "version": "2.0.4",
      "resolved": "https://registry.npmjs.org/pako/-/pako-2.0.4.tgz",
      "integrity": "sha512-v8tweI900AUkZN6heMU/4Uy4cXRc2AYNRggVmTR+dEncawDJgCdLMximOVA2p4qO57WMynangsfGRb5WD6L1Bg=="
    },
    "pdf-merger-js": {
      "version": "3.4.0",
      "resolved": "https://registry.npmjs.org/pdf-merger-js/-/pdf-merger-js-3.4.0.tgz",
      "integrity": "sha512-2LkaPYf49cp/QAhjE+n9LEZXVVOzCjZPGlB6fE3a0neW+fers6vz+0A9drQCYNesMbzZ6JttCUF8jJvgwNPHAA==",
      "requires": {
        "pdfjs": "^2.4.7"
      }
    },
    "pdf2json": {
      "version": "2.0.1",
      "resolved": "https://registry.npmjs.org/pdf2json/-/pdf2json-2.0.1.tgz",
      "integrity": "sha512-gj1kZOV2cA+bHyyZiwNU8AVduT4L+7dQODtJZRev7/23TZ0Mz5ILVLsaCLX2p7A8cdBYyDq6zXEBUBvtXgpIZg==",
      "requires": {
        "@xmldom/xmldom": "^0.7.5"
      },
      "dependencies": {
        "@xmldom/xmldom": {
          "version": "0.7.5",
          "bundled": true
        }
      }
    },
    "pdfjs": {
      "version": "2.4.7",
      "resolved": "https://registry.npmjs.org/pdfjs/-/pdfjs-2.4.7.tgz",
      "integrity": "sha512-qGGZiQ7cz7nDgRgNSMm0qsZ4QPlAvZr+kWwB78hZzClojtfqGbGUT/gwzf8S2nniwvLMB56boBTTIppQohTJUA==",
      "requires": {
        "@rkusa/linebreak": "^1.0.0",
        "opentype.js": "^1.3.3",
        "pako": "^2.0.3",
        "readable-stream": "^3.6.0",
        "unorm": "^1.6.0",
        "uuid": "^8.3.1"
      }
    },
    "pdfreader": {
      "version": "2.0.0",
      "resolved": "https://registry.npmjs.org/pdfreader/-/pdfreader-2.0.0.tgz",
      "integrity": "sha512-ieCZ89yl1cb8olOhzMsSJgRJ+mR6tTwG/AGy9nWXzFPhzGgQA76Qh7CCWk6QTE3V30z2Hre1EVagzIjhNERYGw==",
      "requires": {
        "pdf2json": "2.0.1"
      }
    },
    "readable-stream": {
      "version": "3.6.0",
      "resolved": "https://registry.npmjs.org/readable-stream/-/readable-stream-3.6.0.tgz",
      "integrity": "sha512-BViHy7LKeTz4oNnkcLJ+lVSL6vpiFeX6/d3oSH8zCW7UxP2onchk+vTGB143xuFjHS3deTgkKoXXymXqymiIdA==",
      "requires": {
        "inherits": "^2.0.3",
        "string_decoder": "^1.1.1",
        "util-deprecate": "^1.0.1"
      }
    },
    "safe-buffer": {
      "version": "5.2.1",
      "resolved": "https://registry.npmjs.org/safe-buffer/-/safe-buffer-5.2.1.tgz",
      "integrity": "sha512-rp3So07KcdmmKbGvgaNxQSJr7bGVSVk5S9Eq1F+ppbRo70+YeaDxkw5Dd8NPN+GD6bjnYm2VuPuCXmpuYvmCXQ=="
    },
    "string_decoder": {
      "version": "1.3.0",
      "resolved": "https://registry.npmjs.org/string_decoder/-/string_decoder-1.3.0.tgz",
      "integrity": "sha512-hkRX8U1WjJFd8LsDJ2yQ/wWWxaopEsABU1XfkM8A+j0+85JAGppt16cr1Whg6KIbb4okU6Mql6BOj+uup/wKeA==",
      "requires": {
        "safe-buffer": "~5.2.0"
      }
    },
    "string.prototype.codepointat": {
      "version": "0.2.1",
      "resolved": "https://registry.npmjs.org/string.prototype.codepointat/-/string.prototype.codepointat-0.2.1.tgz",
      "integrity": "sha512-2cBVCj6I4IOvEnjgO/hWqXjqBGsY+zwPmHl12Srk9IXSZ56Jwwmy+66XO5Iut/oQVR7t5ihYdLB0GMa4alEUcg=="
    },
    "tiny-inflate": {
      "version": "1.0.3",
      "resolved": "https://registry.npmjs.org/tiny-inflate/-/tiny-inflate-1.0.3.tgz",
      "integrity": "sha512-pkY1fj1cKHb2seWDy0B16HeWyczlJA9/WW3u3c4z/NiWDsO3DOU5D7nhTLE9CF0yXv/QZFY7sEJmj24dK+Rrqw=="
    },
    "unicode-trie": {
      "version": "0.3.1",
      "resolved": "https://registry.npmjs.org/unicode-trie/-/unicode-trie-0.3.1.tgz",
      "integrity": "sha1-1nHd3YkQGgi6w3tqUWEBBgIFIIU=",
      "requires": {
        "pako": "^0.2.5",
        "tiny-inflate": "^1.0.0"
      },
      "dependencies": {
        "pako": {
          "version": "0.2.9",
          "resolved": "https://registry.npmjs.org/pako/-/pako-0.2.9.tgz",
          "integrity": "sha1-8/dSL073gjSNqBYbrZ7P1Rv4OnU="
        }
      }
    },
    "unorm": {
      "version": "1.6.0",
      "resolved": "https://registry.npmjs.org/unorm/-/unorm-1.6.0.tgz",
      "integrity": "sha512-b2/KCUlYZUeA7JFUuRJZPUtr4gZvBh7tavtv4fvk4+KV9pfGiR6CQAQAWl49ZpR3ts2dk4FYkP7EIgDJoiOLDA=="
    },
    "util-deprecate": {
      "version": "1.0.2",
      "resolved": "https://registry.npmjs.org/util-deprecate/-/util-deprecate-1.0.2.tgz",
      "integrity": "sha1-RQ1Nyfpw3nMnYvvS1KKJgUGaDM8="
    },
    "uuid": {
      "version": "8.3.2",
      "resolved": "https://registry.npmjs.org/uuid/-/uuid-8.3.2.tgz",
      "integrity": "sha512-+NYs2QeMWy+GWFOEm9xnn6HCDp0l7QBD7ml8zLUmJ+93Q5NF0NocErnwkTkXVFNiX3/fpC6afS8Dhb/gz7R7eg=="
    }
  }
}
